{
  "name": "montreal-city-indicators",
  "version": "1.0.0",
  "lockfileVersion": 1,
  "requires": true,
  "dependencies": {
    "@babel/polyfill": {
      "version": "7.12.1",
      "resolved": "https://registry.npmjs.org/@babel/polyfill/-/polyfill-7.12.1.tgz",
      "integrity": "sha512-X0pi0V6gxLi6lFZpGmeNa4zxtwEmCs42isWLNjZZDE0Y8yVfgu0T2OAHlzBbdYlqbW/YXVvoBHpATEM+goCj8g==",
      "requires": {
        "core-js": "^2.6.5",
        "regenerator-runtime": "^0.13.4"
      }
    },
    "@datahub/dashboard": {
      "version": "git+ssh://git@github.com/datopian/dashboard-js.git#c49b8767802f83347eebf69904d65ef3f42ce725",
      "from": "git+ssh://git@github.com/datopian/dashboard-js.git#c49b876",
      "requires": {
        "data.js": "^0.12.4",
        "datapackage-render": "git+https://github.com/frictionlessdata/datapackage-render-js.git",
        "react": "^16.8.1",
        "react-dom": "^16.8.1",
        "react-spinkit": "^3.0.0",
        "react-vega": "^4.0.2",
        "vega-lib": "^4.4.0"
      }
    },
    "@types/csv-parse": {
      "version": "1.2.2",
      "resolved": "https://registry.npmjs.org/@types/csv-parse/-/csv-parse-1.2.2.tgz",
      "integrity": "sha512-k33tLtRKTQxf7hQfMlkWoS2TQYsnpk1ibZN+rzbuCkeBs8m23nHTeDTF1wb/e7/MSLdtgCzqu3oM1I101kd6yw==",
      "requires": {
        "csv-parse": "*"
      }
    },
    "adler-32": {
      "version": "1.2.0",
      "resolved": "https://registry.npmjs.org/adler-32/-/adler-32-1.2.0.tgz",
      "integrity": "sha1-aj5r8KY5ALoVZSgIyxXGgT0aXyU=",
      "requires": {
        "exit-on-epipe": "~1.0.1",
        "printj": "~1.1.0"
      }
    },
    "any-promise": {
      "version": "1.3.0",
      "resolved": "https://registry.npmjs.org/any-promise/-/any-promise-1.3.0.tgz",
      "integrity": "sha1-q8av7tzqUugJzcA3au0845Y10X8="
    },
    "axios": {
      "version": "0.21.1",
      "resolved": "https://registry.npmjs.org/axios/-/axios-0.21.1.tgz",
      "integrity": "sha512-dKQiRHxGD9PPRIUNIWvZhPTPpl1rf/OxTYKsqKUDjBwYylTvV7SjSHJb9ratfyzM6wCdLCOYLzs73qpg5c4iGA==",
      "requires": {
        "follow-redirects": "^1.10.0"
      }
    },
    "cfb": {
      "version": "1.2.0",
      "resolved": "https://registry.npmjs.org/cfb/-/cfb-1.2.0.tgz",
      "integrity": "sha512-sXMvHsKCICVR3Naq+J556K+ExBo9n50iKl6LGarlnvuA2035uMlGA/qVrc0wQtow5P1vJEw9UyrKLCbtIKz+TQ==",
      "requires": {
        "adler-32": "~1.2.0",
        "crc-32": "~1.2.0",
        "printj": "~1.1.2"
      }
    },
    "chardet": {
      "version": "0.4.2",
      "resolved": "https://registry.npmjs.org/chardet/-/chardet-0.4.2.tgz",
      "integrity": "sha1-tUc7M9yXxCTl2Y3IfVXU2KKci/I="
    },
    "classnames": {
      "version": "2.2.6",
      "resolved": "https://registry.npmjs.org/classnames/-/classnames-2.2.6.tgz",
      "integrity": "sha512-JR/iSQOSt+LQIWwrwEzJ9uk0xfN3mTVYMwt1Ir5mUcSN6pU+V4zQFFaJsclJbPuAUQH+yfWef6tm7l1quW3C8Q=="
    },
    "codepage": {
      "version": "1.14.0",
      "resolved": "https://registry.npmjs.org/codepage/-/codepage-1.14.0.tgz",
      "integrity": "sha1-jL4lSBMjVZ19MHVxsP/5HnodL5k=",
      "requires": {
        "commander": "~2.14.1",
        "exit-on-epipe": "~1.0.1"
      },
      "dependencies": {
        "commander": {
          "version": "2.14.1",
          "resolved": "https://registry.npmjs.org/commander/-/commander-2.14.1.tgz",
          "integrity": "sha512-+YR16o3rK53SmWHU3rEM3tPAh2rwb1yPcQX5irVn7mb0gXbwuCCrnkbV5+PBfETdfg1vui07nM6PCG1zndcjQw=="
        }
      }
    },
    "commander": {
      "version": "2.17.1",
      "resolved": "https://registry.npmjs.org/commander/-/commander-2.17.1.tgz",
      "integrity": "sha512-wPMUt6FnH2yzG95SA6mzjQOEKUU3aLaDEmzs1ti+1E9h+CsrZghRlqEM/EJ4KscsQVG8uNN4uVreUeT8+drlgg=="
    },
    "core-js": {
      "version": "2.6.12",
      "resolved": "https://registry.npmjs.org/core-js/-/core-js-2.6.12.tgz",
      "integrity": "sha512-Kb2wC0fvsWfQrgk8HU5lW6U/Lcs8+9aaYcy4ZFc6DDlo4nZ7n70dEgE5rtR0oG6ufKDUnrwfWL1mXR5ljDatrQ=="
    },
    "crc-32": {
      "version": "1.2.0",
      "resolved": "https://registry.npmjs.org/crc-32/-/crc-32-1.2.0.tgz",
      "integrity": "sha512-1uBwHxF+Y/4yF5G48fwnKq6QsIXheor3ZLPT80yGBV1oEUwpPojlEhQbWKVw1VwcTQyMGHK1/XMmTjmlsmTTGA==",
      "requires": {
        "exit-on-epipe": "~1.0.1",
        "printj": "~1.1.0"
      }
    },
    "csv-parse": {
      "version": "4.14.2",
      "resolved": "https://registry.npmjs.org/csv-parse/-/csv-parse-4.14.2.tgz",
      "integrity": "sha512-YE2xlTKtM035/94llhgsp9qFQxGi47EkQJ1pZ+mLT/98GpIsbjkMGAb7Rmu9hNxVfYFOLf10hP+rPVqnoccLgw=="
    },
    "csv-sniffer": {
      "version": "0.1.1",
      "resolved": "https://registry.npmjs.org/csv-sniffer/-/csv-sniffer-0.1.1.tgz",
      "integrity": "sha1-1kEBdygARhV2e23Oic4gdu+w8Lc="
    },
    "d3-array": {
      "version": "2.9.1",
      "resolved": "https://registry.npmjs.org/d3-array/-/d3-array-2.9.1.tgz",
      "integrity": "sha512-Ob7RdOtkqsjx1NWyQHMFLtCSk6/aKTxDdC4ZIolX+O+mDD2RzrsYgAyc0WGAlfYFVELLSilS7w8BtE3PKM8bHg=="
    },
    "d3-collection": {
      "version": "1.0.7",
      "resolved": "https://registry.npmjs.org/d3-collection/-/d3-collection-1.0.7.tgz",
      "integrity": "sha512-ii0/r5f4sjKNTfh84Di+DpztYwqKhEyUlKoPrzUFfeSkWxjW49xU2QzO9qrPrNkpdI0XJkfzvmTu8V2Zylln6A=="
    },
    "d3-color": {
      "version": "1.4.1",
      "resolved": "https://registry.npmjs.org/d3-color/-/d3-color-1.4.1.tgz",
      "integrity": "sha512-p2sTHSLCJI2QKunbGb7ocOh7DgTAn8IrLx21QRc/BSnodXM4sv6aLQlnfpvehFMLZEfBc6g9pH9SWQccFYfJ9Q=="
    },
    "d3-contour": {
      "version": "1.3.2",
      "resolved": "https://registry.npmjs.org/d3-contour/-/d3-contour-1.3.2.tgz",
      "integrity": "sha512-hoPp4K/rJCu0ladiH6zmJUEz6+u3lgR+GSm/QdM2BBvDraU39Vr7YdDCicJcxP1z8i9B/2dJLgDC1NcvlF8WCg==",
      "requires": {
        "d3-array": "^1.1.1"
      },
      "dependencies": {
        "d3-array": {
          "version": "1.2.4",
          "resolved": "https://registry.npmjs.org/d3-array/-/d3-array-1.2.4.tgz",
          "integrity": "sha512-KHW6M86R+FUPYGb3R5XiYjXPq7VzwxZ22buHhAEVG5ztoEcZZMLov530mmccaqA1GghZArjQV46fuc8kUqhhHw=="
        }
      }
    },
    "d3-dispatch": {
      "version": "1.0.6",
      "resolved": "https://registry.npmjs.org/d3-dispatch/-/d3-dispatch-1.0.6.tgz",
      "integrity": "sha512-fVjoElzjhCEy+Hbn8KygnmMS7Or0a9sI2UzGwoB7cCtvI1XpVN9GpoYlnb3xt2YV66oXYb1fLJ8GMvP4hdU1RA=="
    },
    "d3-dsv": {
      "version": "1.2.0",
      "resolved": "https://registry.npmjs.org/d3-dsv/-/d3-dsv-1.2.0.tgz",
      "integrity": "sha512-9yVlqvZcSOMhCYzniHE7EVUws7Fa1zgw+/EAV2BxJoG3ME19V6BQFBwI855XQDsxyOuG7NibqRMTtiF/Qup46g==",
      "requires": {
        "commander": "2",
        "iconv-lite": "0.4",
        "rw": "1"
      }
    },
    "d3-force": {
      "version": "1.2.1",
      "resolved": "https://registry.npmjs.org/d3-force/-/d3-force-1.2.1.tgz",
      "integrity": "sha512-HHvehyaiUlVo5CxBJ0yF/xny4xoaxFxDnBXNvNcfW9adORGZfyNF1dj6DGLKyk4Yh3brP/1h3rnDzdIAwL08zg==",
      "requires": {
        "d3-collection": "1",
        "d3-dispatch": "1",
        "d3-quadtree": "1",
        "d3-timer": "1"
      }
    },
    "d3-format": {
      "version": "1.4.5",
      "resolved": "https://registry.npmjs.org/d3-format/-/d3-format-1.4.5.tgz",
      "integrity": "sha512-J0piedu6Z8iB6TbIGfZgDzfXxUFN3qQRMofy2oPdXzQibYGqPB/9iMcxr/TGalU+2RsyDO+U4f33id8tbnSRMQ=="
    },
    "d3-geo": {
      "version": "1.12.1",
      "resolved": "https://registry.npmjs.org/d3-geo/-/d3-geo-1.12.1.tgz",
      "integrity": "sha512-XG4d1c/UJSEX9NfU02KwBL6BYPj8YKHxgBEw5om2ZnTRSbIcego6dhHwcxuSR3clxh0EpE38os1DVPOmnYtTPg==",
      "requires": {
        "d3-array": "1"
      },
      "dependencies": {
        "d3-array": {
          "version": "1.2.4",
          "resolved": "https://registry.npmjs.org/d3-array/-/d3-array-1.2.4.tgz",
          "integrity": "sha512-KHW6M86R+FUPYGb3R5XiYjXPq7VzwxZ22buHhAEVG5ztoEcZZMLov530mmccaqA1GghZArjQV46fuc8kUqhhHw=="
        }
      }
    },
    "d3-geo-projection": {
      "version": "3.0.0",
      "resolved": "https://registry.npmjs.org/d3-geo-projection/-/d3-geo-projection-3.0.0.tgz",
      "integrity": "sha512-1JE+filVbkEX2bT25dJdQ05iA4QHvUwev6o0nIQHOSrNlHCAKfVss/U10vEM3pA4j5v7uQoFdQ4KLbx9BlEbWA==",
      "requires": {
        "commander": "2",
        "d3-array": "1 - 2",
        "d3-geo": "1.12.0 - 2",
        "resolve": "^1.1.10"
      }
    },
    "d3-hierarchy": {
      "version": "1.1.9",
      "resolved": "https://registry.npmjs.org/d3-hierarchy/-/d3-hierarchy-1.1.9.tgz",
      "integrity": "sha512-j8tPxlqh1srJHAtxfvOUwKNYJkQuBFdM1+JAUfq6xqH5eAqf93L7oG1NVqDa4CpFZNvnNKtCYEUC8KY9yEn9lQ=="
    },
    "d3-interpolate": {
      "version": "1.4.0",
      "resolved": "https://registry.npmjs.org/d3-interpolate/-/d3-interpolate-1.4.0.tgz",
      "integrity": "sha512-V9znK0zc3jOPV4VD2zZn0sDhZU3WAE2bmlxdIwwQPPzPjvyLkd8B3JUVdS1IDUFDkWZ72c9qnv1GK2ZagTZ8EA==",
      "requires": {
        "d3-color": "1"
      }
    },
    "d3-path": {
      "version": "1.0.9",
      "resolved": "https://registry.npmjs.org/d3-path/-/d3-path-1.0.9.tgz",
      "integrity": "sha512-VLaYcn81dtHVTjEHd8B+pbe9yHWpXKZUC87PzoFmsFrJqgFwDe/qxfp5MlfsfM1V5E/iVt0MmEbWQ7FVIXh/bg=="
    },
    "d3-quadtree": {
      "version": "1.0.7",
      "resolved": "https://registry.npmjs.org/d3-quadtree/-/d3-quadtree-1.0.7.tgz",
      "integrity": "sha512-RKPAeXnkC59IDGD0Wu5mANy0Q2V28L+fNe65pOCXVdVuTJS3WPKaJlFHer32Rbh9gIo9qMuJXio8ra4+YmIymA=="
    },
    "d3-scale": {
      "version": "2.2.2",
      "resolved": "https://registry.npmjs.org/d3-scale/-/d3-scale-2.2.2.tgz",
      "integrity": "sha512-LbeEvGgIb8UMcAa0EATLNX0lelKWGYDQiPdHj+gLblGVhGLyNbaCn3EvrJf0A3Y/uOOU5aD6MTh5ZFCdEwGiCw==",
      "requires": {
        "d3-array": "^1.2.0",
        "d3-collection": "1",
        "d3-format": "1",
        "d3-interpolate": "1",
        "d3-time": "1",
        "d3-time-format": "2"
      },
      "dependencies": {
        "d3-array": {
          "version": "1.2.4",
          "resolved": "https://registry.npmjs.org/d3-array/-/d3-array-1.2.4.tgz",
          "integrity": "sha512-KHW6M86R+FUPYGb3R5XiYjXPq7VzwxZ22buHhAEVG5ztoEcZZMLov530mmccaqA1GghZArjQV46fuc8kUqhhHw=="
        }
      }
    },
    "d3-scale-chromatic": {
      "version": "1.5.0",
      "resolved": "https://registry.npmjs.org/d3-scale-chromatic/-/d3-scale-chromatic-1.5.0.tgz",
      "integrity": "sha512-ACcL46DYImpRFMBcpk9HhtIyC7bTBR4fNOPxwVSl0LfulDAwyiHyPOTqcDG1+t5d4P9W7t/2NAuWu59aKko/cg==",
      "requires": {
        "d3-color": "1",
        "d3-interpolate": "1"
      }
    },
    "d3-shape": {
      "version": "1.3.7",
      "resolved": "https://registry.npmjs.org/d3-shape/-/d3-shape-1.3.7.tgz",
      "integrity": "sha512-EUkvKjqPFUAZyOlhY5gzCxCeI0Aep04LwIRpsZ/mLFelJiUfnK56jo5JMDSE7yyP2kLSb6LtF+S5chMk7uqPqw==",
      "requires": {
        "d3-path": "1"
      }
    },
    "d3-time": {
      "version": "1.1.0",
      "resolved": "https://registry.npmjs.org/d3-time/-/d3-time-1.1.0.tgz",
      "integrity": "sha512-Xh0isrZ5rPYYdqhAVk8VLnMEidhz5aP7htAADH6MfzgmmicPkTo8LhkLxci61/lCB7n7UmE3bN0leRt+qvkLxA=="
    },
    "d3-time-format": {
      "version": "2.3.0",
      "resolved": "https://registry.npmjs.org/d3-time-format/-/d3-time-format-2.3.0.tgz",
      "integrity": "sha512-guv6b2H37s2Uq/GefleCDtbe0XZAuy7Wa49VGkPVPMfLL9qObgBST3lEHJBMUp8S7NdLQAGIvr2KXk8Hc98iKQ==",
      "requires": {
        "d3-time": "1"
      }
    },
    "d3-timer": {
      "version": "1.0.10",
      "resolved": "https://registry.npmjs.org/d3-timer/-/d3-timer-1.0.10.tgz",
      "integrity": "sha512-B1JDm0XDaQC+uvo4DT79H0XmBskgS3l6Ve+1SBCfxgmtIb1AVrPIoqd+nPSv+loMX8szQ0sVUhGngL7D5QPiXw=="
    },
    "d3-voronoi": {
      "version": "1.1.4",
      "resolved": "https://registry.npmjs.org/d3-voronoi/-/d3-voronoi-1.1.4.tgz",
      "integrity": "sha512-dArJ32hchFsrQ8uMiTBLq256MpnZjeuBtdHpaDlYuQyjU0CVzCJl/BVW+SkszaAeH95D/8gxqAhgx0ouAWAfRg=="
    },
    "data.js": {
      "version": "0.12.11",
      "resolved": "https://registry.npmjs.org/data.js/-/data.js-0.12.11.tgz",
      "integrity": "sha512-4dhmy44ITYvsNmcXFbvJqfhIzHR7JtxNf0KVRQ5U6T4GX6b2lx6QfSL5P2fjDib+Nx2KhqKZSXV9J1IvXSvaWQ==",
      "requires": {
        "@babel/polyfill": "^7.4.4",
        "chardet": "^0.4.2",
        "csv-parse": "^4.4.3",
        "csv-sniffer": "^0.1.1",
        "iconv-lite": "^0.4.19",
        "lodash": "^4.17.4",
        "mime-types": "^2.1.16",
        "node-fetch": "^2.0.0",
        "stream-to-array": "^2.3.0",
        "stream-to-string": "^1.1.0",
        "tableschema": "^1.9.0",
        "url-join": "^2.0.2",
        "xlsx": "^0.14.3"
      }
    },
    "datapackage-render": {
      "version": "git+https://github.com/frictionlessdata/datapackage-render-js.git#a58a5714f748d9a8fca6ebb47372f2d17f5f5b77",
      "from": "git+https://github.com/frictionlessdata/datapackage-render-js.git",
      "requires": {
        "lodash": "^4.0.0"
      }
    },
    "debug": {
      "version": "3.1.0",
      "resolved": "https://registry.npmjs.org/debug/-/debug-3.1.0.tgz",
      "integrity": "sha512-OX8XqP7/1a9cqkxYw2yXss15f26NKWBpDXQd0/uK/KPqdQhxbPa994hnzjcE2VqQpDslf55723cKPUOGSmMY3g==",
      "requires": {
        "ms": "2.0.0"
      }
    },
    "es6-error": {
      "version": "4.1.1",
      "resolved": "https://registry.npmjs.org/es6-error/-/es6-error-4.1.1.tgz",
      "integrity": "sha512-Um/+FxMr9CISWh0bi5Zv0iOD+4cFh5qLeks1qhAopKVAJw3drgKbKySikp7wGhDL0HPeaja0P5ULZrxLkniUVg=="
    },
    "exit-on-epipe": {
      "version": "1.0.1",
      "resolved": "https://registry.npmjs.org/exit-on-epipe/-/exit-on-epipe-1.0.1.tgz",
      "integrity": "sha512-h2z5mrROTxce56S+pnvAV890uu7ls7f1kEvVGJbw1OlFH3/mlJ5bkXu0KRyW94v37zzHPiUd55iLn3DA7TjWpw=="
    },
    "follow-redirects": {
      "version": "1.13.1",
      "resolved": "https://registry.npmjs.org/follow-redirects/-/follow-redirects-1.13.1.tgz",
      "integrity": "sha512-SSG5xmZh1mkPGyKzjZP8zLjltIfpW32Y5QpdNJyjcfGxK3qo3NDDkZOZSFiGn1A6SclQxY9GzEwAHQ3dmYRWpg=="
    },
    "frac": {
      "version": "1.1.2",
      "resolved": "https://registry.npmjs.org/frac/-/frac-1.1.2.tgz",
      "integrity": "sha512-w/XBfkibaTl3YDqASwfDUqkna4Z2p9cFSr1aHDt0WoMTECnRfBOv2WArlZILlqgWlmdIlALXGpM2AOhEk5W3IA=="
    },
    "function-bind": {
      "version": "1.1.1",
      "resolved": "https://registry.npmjs.org/function-bind/-/function-bind-1.1.1.tgz",
      "integrity": "sha512-yIovAzMX49sF8Yl58fSCWJ5svSLuaibPxXQJFLmBObTuCr0Mf1KiPopGM9NiFjiYBCbfaa2Fh6breQ6ANVTI0A=="
    },
    "has": {
      "version": "1.0.3",
      "resolved": "https://registry.npmjs.org/has/-/has-1.0.3.tgz",
      "integrity": "sha512-f2dvO0VU6Oej7RkWJGrehjbzMAjFp5/VKPp5tTpWIV4JHHZK1/BxbFRtf/siA2SWTe09caDmVtYYzWEIbBS4zw==",
      "requires": {
        "function-bind": "^1.1.1"
      }
    },
    "iconv-lite": {
      "version": "0.4.24",
      "resolved": "https://registry.npmjs.org/iconv-lite/-/iconv-lite-0.4.24.tgz",
      "integrity": "sha512-v3MXnZAcvnywkTUEZomIActle7RXXeedOR31wwl7VlyoXO4Qi9arvSenNQWne1TcRwhCL1HwLI21bEqdpj8/rA==",
      "requires": {
        "safer-buffer": ">= 2.1.2 < 3"
      }
    },
    "inherits": {
      "version": "2.0.4",
      "resolved": "https://registry.npmjs.org/inherits/-/inherits-2.0.4.tgz",
      "integrity": "sha512-k/vGaX4/Yla3WzyMCvTQOXYeIHvqOKtnqBduzTHpzpQZzAskKMhZ2K+EnBiSM9zGSoIFeMpXKxa4dYeZIQqewQ=="
    },
    "is-core-module": {
      "version": "2.2.0",
      "resolved": "https://registry.npmjs.org/is-core-module/-/is-core-module-2.2.0.tgz",
      "integrity": "sha512-XRAfAdyyY5F5cOXn7hYQDqh2Xmii+DEfIcQGxK/uNwMHhIkPWO0g8msXcbzLe+MpGoR951MlqM/2iIlU4vKDdQ==",
      "requires": {
        "has": "^1.0.3"
      }
    },
    "js-tokens": {
      "version": "4.0.0",
      "resolved": "https://registry.npmjs.org/js-tokens/-/js-tokens-4.0.0.tgz",
      "integrity": "sha512-RdJUflcE3cUzKiMqQgsCu06FPu9UdIJO0beYbPhHN4k6apgJtifcoCtT9bcxOpYBtpD2kCM6Sbzg4CausW/PKQ=="
    },
    "loaders.css": {
      "version": "0.1.2",
      "resolved": "https://registry.npmjs.org/loaders.css/-/loaders.css-0.1.2.tgz",
      "integrity": "sha1-Op+0NybHMzSjgUKvnQYpAZtlh0M="
    },
    "lodash": {
      "version": "4.17.20",
      "resolved": "https://registry.npmjs.org/lodash/-/lodash-4.17.20.tgz",
      "integrity": "sha512-PlhdFcillOINfeV7Ni6oF1TAEayyZBoZ8bcshTHqOYJYlrqzRK5hagpagky5o4HfCzzd1TRkXPMFq6cKk9rGmA=="
    },
    "loose-envify": {
      "version": "1.4.0",
      "resolved": "https://registry.npmjs.org/loose-envify/-/loose-envify-1.4.0.tgz",
      "integrity": "sha512-lyuxPGr/Wfhrlem2CL/UcnUc1zcqKAImBDzukY7Y5F/yQiNdko6+fRLevlw1HgMySw7f611UIY408EtxRSoK3Q==",
      "requires": {
        "js-tokens": "^3.0.0 || ^4.0.0"
      }
    },
    "mime-db": {
      "version": "1.45.0",
      "resolved": "https://registry.npmjs.org/mime-db/-/mime-db-1.45.0.tgz",
      "integrity": "sha512-CkqLUxUk15hofLoLyljJSrukZi8mAtgd+yE5uO4tqRZsdsAJKv0O+rFMhVDRJgozy+yG6md5KwuXhD4ocIoP+w=="
    },
    "mime-types": {
      "version": "2.1.28",
      "resolved": "https://registry.npmjs.org/mime-types/-/mime-types-2.1.28.tgz",
      "integrity": "sha512-0TO2yJ5YHYr7M2zzT7gDU1tbwHxEUWBCLt0lscSNpcdAfFyJOVEpRYNS7EXVcTLNj/25QO8gulHC5JtTzSE2UQ==",
      "requires": {
        "mime-db": "1.45.0"
      }
    },
    "moment": {
      "version": "2.24.0",
      "resolved": "https://registry.npmjs.org/moment/-/moment-2.24.0.tgz",
      "integrity": "sha512-bV7f+6l2QigeBBZSM/6yTNq4P2fNpSWj/0e7jQcy87A8e7o2nAfP/34/2ky5Vw4B9S446EtIhodAzkFCcR4dQg=="
    },
    "ms": {
      "version": "2.0.0",
      "resolved": "https://registry.npmjs.org/ms/-/ms-2.0.0.tgz",
      "integrity": "sha1-VgiurfwAvmwpAd9fmGF4jeDVl8g="
    },
    "node-fetch": {
      "version": "2.6.1",
      "resolved": "https://registry.npmjs.org/node-fetch/-/node-fetch-2.6.1.tgz",
      "integrity": "sha512-V4aYg89jEoVRxRb2fJdAg8FHvI7cEyYdVAh94HH0UIK8oJxUfkjlDQN9RbMx+bEjP7+ggMiFRprSti032Oipxw=="
    },
    "object-assign": {
      "version": "4.1.1",
      "resolved": "https://registry.npmjs.org/object-assign/-/object-assign-4.1.1.tgz",
      "integrity": "sha1-IQmtx5ZYh8/AXLvUQsrIv7s2CGM="
    },
    "path-parse": {
      "version": "1.0.6",
      "resolved": "https://registry.npmjs.org/path-parse/-/path-parse-1.0.6.tgz",
      "integrity": "sha512-GSmOT2EbHrINBf9SR7CDELwlJ8AENk3Qn7OikK4nFYAu3Ote2+JYNVvkpAEQm3/TLNEJFD/xZJjzyxg3KBWOzw=="
    },
    "printj": {
      "version": "1.1.2",
      "resolved": "https://registry.npmjs.org/printj/-/printj-1.1.2.tgz",
      "integrity": "sha512-zA2SmoLaxZyArQTOPj5LXecR+RagfPSU5Kw1qP+jkWeNlrq+eJZyY2oS68SU1Z/7/myXM4lo9716laOFAVStCQ=="
    },
    "promise-polyfill": {
      "version": "1.1.6",
      "resolved": "https://registry.npmjs.org/promise-polyfill/-/promise-polyfill-1.1.6.tgz",
      "integrity": "sha1-zQTv9G9clcOn0EVZHXm14+AfEtc="
    },
    "prop-types": {
      "version": "15.7.2",
      "resolved": "https://registry.npmjs.org/prop-types/-/prop-types-15.7.2.tgz",
      "integrity": "sha512-8QQikdH7//R2vurIJSutZ1smHYTcLpRWEOlHnzcWHmBYrOGUysKwSsrC89BCiFj3CbrfJ/nXFdJepOVrY1GCHQ==",
      "requires": {
        "loose-envify": "^1.4.0",
        "object-assign": "^4.1.1",
        "react-is": "^16.8.1"
      }
    },
    "react": {
      "version": "16.14.0",
      "resolved": "https://registry.npmjs.org/react/-/react-16.14.0.tgz",
      "integrity": "sha512-0X2CImDkJGApiAlcf0ODKIneSwBPhqJawOa5wCtKbu7ZECrmS26NvtSILynQ66cgkT/RJ4LidJOc3bUESwmU8g==",
      "requires": {
        "loose-envify": "^1.1.0",
        "object-assign": "^4.1.1",
        "prop-types": "^15.6.2"
      }
    },
    "react-dom": {
      "version": "16.14.0",
      "resolved": "https://registry.npmjs.org/react-dom/-/react-dom-16.14.0.tgz",
      "integrity": "sha512-1gCeQXDLoIqMgqD3IO2Ah9bnf0w9kzhwN5q4FGnHZ67hBm9yePzB5JJAIQCc8x3pFnNlwFq4RidZggNAAkzWWw==",
      "requires": {
        "loose-envify": "^1.1.0",
        "object-assign": "^4.1.1",
        "prop-types": "^15.6.2",
        "scheduler": "^0.19.1"
      }
    },
    "react-is": {
      "version": "16.13.1",
      "resolved": "https://registry.npmjs.org/react-is/-/react-is-16.13.1.tgz",
      "integrity": "sha512-24e6ynE2H+OKt4kqsOvNd8kBpV65zoxbA4BVsEOB3ARVWQki/DHzaUoC5KuON/BiccDaCCTZBuOcfZs70kR8bQ=="
    },
    "react-spinkit": {
      "version": "3.0.0",
      "resolved": "https://registry.npmjs.org/react-spinkit/-/react-spinkit-3.0.0.tgz",
      "integrity": "sha1-Mf2vThgXd2bFfRsfMzApD4SSqFo=",
      "requires": {
        "classnames": "^2.2.3",
        "loaders.css": "^0.1.2",
        "object-assign": "^4.1.0",
        "prop-types": "^15.5.8"
      }
    },
    "react-vega": {
      "version": "4.0.2",
      "resolved": "https://registry.npmjs.org/react-vega/-/react-vega-4.0.2.tgz",
      "integrity": "sha512-1SNIciulgOzWt2AVIz9QbweeWfnXn31JT+67F/YKfKnl9F5iTS6y05k3Aiak9xOKL/BLKiFARd9a0dgTkZ4ycg==",
      "requires": {
        "prop-types": "^15.6.1"
      }
    },
    "readable-stream": {
      "version": "3.6.0",
      "resolved": "https://registry.npmjs.org/readable-stream/-/readable-stream-3.6.0.tgz",
      "integrity": "sha512-BViHy7LKeTz4oNnkcLJ+lVSL6vpiFeX6/d3oSH8zCW7UxP2onchk+vTGB143xuFjHS3deTgkKoXXymXqymiIdA==",
      "requires": {
        "inherits": "^2.0.3",
        "string_decoder": "^1.1.1",
        "util-deprecate": "^1.0.1"
      }
    },
    "regenerator-runtime": {
      "version": "0.13.7",
      "resolved": "https://registry.npmjs.org/regenerator-runtime/-/regenerator-runtime-0.13.7.tgz",
      "integrity": "sha512-a54FxoJDIr27pgf7IgeQGxmqUNYrcV338lf/6gH456HZ/PhX+5BcwHXG9ajESmwe6WRO0tAzRUrRmNONWgkrew=="
    },
    "resolve": {
      "version": "1.19.0",
      "resolved": "https://registry.npmjs.org/resolve/-/resolve-1.19.0.tgz",
      "integrity": "sha512-rArEXAgsBG4UgRGcynxWIWKFvh/XZCcS8UJdHhwy91zwAvCZIbcs+vAbflgBnNjYMs/i/i+/Ux6IZhML1yPvxg==",
      "requires": {
        "is-core-module": "^2.1.0",
        "path-parse": "^1.0.6"
      }
    },
    "rw": {
      "version": "1.3.3",
      "resolved": "https://registry.npmjs.org/rw/-/rw-1.3.3.tgz",
      "integrity": "sha1-P4Yt+pGrdmsUiF700BEkv9oHT7Q="
    },
    "safe-buffer": {
      "version": "5.2.1",
      "resolved": "https://registry.npmjs.org/safe-buffer/-/safe-buffer-5.2.1.tgz",
      "integrity": "sha512-rp3So07KcdmmKbGvgaNxQSJr7bGVSVk5S9Eq1F+ppbRo70+YeaDxkw5Dd8NPN+GD6bjnYm2VuPuCXmpuYvmCXQ=="
    },
    "safer-buffer": {
      "version": "2.1.2",
      "resolved": "https://registry.npmjs.org/safer-buffer/-/safer-buffer-2.1.2.tgz",
      "integrity": "sha512-YZo3K82SD7Riyi0E1EQPojLz7kpepnSQI9IyPbHHg1XXXevb5dJI7tpyN2ADxGcQbHG7vcyRHk0cbwqcQriUtg=="
    },
    "scheduler": {
      "version": "0.19.1",
      "resolved": "https://registry.npmjs.org/scheduler/-/scheduler-0.19.1.tgz",
      "integrity": "sha512-n/zwRWRYSUj0/3g/otKDRPMh6qv2SYMWNq85IEa8iZyAv8od9zDYpGSnpBEjNgcMNq6Scbu5KfIPxNF72R/2EA==",
      "requires": {
        "loose-envify": "^1.1.0",
        "object-assign": "^4.1.1"
      }
    },
    "ssf": {
      "version": "0.10.3",
      "resolved": "https://registry.npmjs.org/ssf/-/ssf-0.10.3.tgz",
      "integrity": "sha512-pRuUdW0WwyB2doSqqjWyzwCD6PkfxpHAHdZp39K3dp/Hq7f+xfMwNAWIi16DyrRg4gg9c/RvLYkJTSawTPTm1w==",
      "requires": {
        "frac": "~1.1.2"
      }
    },
    "stream-to-array": {
      "version": "2.3.0",
      "resolved": "https://registry.npmjs.org/stream-to-array/-/stream-to-array-2.3.0.tgz",
      "integrity": "sha1-u/azn19D7DC8cbq8s3VXrOzzQ1M=",
      "requires": {
        "any-promise": "^1.1.0"
      }
    },
    "stream-to-async-iterator": {
      "version": "0.2.0",
      "resolved": "https://registry.npmjs.org/stream-to-async-iterator/-/stream-to-async-iterator-0.2.0.tgz",
      "integrity": "sha1-vvXIhelST5iy+l7/7MNXvVhIN4A="
    },
    "stream-to-string": {
      "version": "1.2.0",
      "resolved": "https://registry.npmjs.org/stream-to-string/-/stream-to-string-1.2.0.tgz",
      "integrity": "sha512-8drZlFIKBHSMdX9GCWv8V9AAWnQcTqw0iAI6/GC7UJ0H0SwKeFKjOoZfGY1tOU00GGU7FYZQoJ/ZCUEoXhD7yQ==",
      "requires": {
        "promise-polyfill": "^1.1.6"
      }
    },
    "string_decoder": {
      "version": "1.3.0",
      "resolved": "https://registry.npmjs.org/string_decoder/-/string_decoder-1.3.0.tgz",
      "integrity": "sha512-hkRX8U1WjJFd8LsDJ2yQ/wWWxaopEsABU1XfkM8A+j0+85JAGppt16cr1Whg6KIbb4okU6Mql6BOj+uup/wKeA==",
      "requires": {
        "safe-buffer": "~5.2.0"
      }
    },
    "tableschema": {
      "version": "1.12.3",
      "resolved": "https://registry.npmjs.org/tableschema/-/tableschema-1.12.3.tgz",
      "integrity": "sha512-957Zzq8NKVAzv3fp33NXbmDOp+oj5NaGjoyb9ZAh4LLwNYRJZSaYvo5zkLO+3St/Tc7ECbeEdfX11cAYZZKgLw==",
      "requires": {
        "@types/csv-parse": "^1.2.2",
        "axios": "^0.19.2",
        "csv-parse": "~4.8.8",
        "csv-sniffer": "^0.1.1",
        "es6-error": "^4.1.1",
        "lodash": "^4.17.15",
        "moment": "~2.24.0",
        "regenerator-runtime": "^0.13.5",
        "stream-to-async-iterator": "^0.2.0",
        "through2": "^3.0.1",
        "tv4": "^1.3.0",
        "validator": "^13.0.0"
      },
      "dependencies": {
        "axios": {
          "version": "0.19.2",
          "resolved": "https://registry.npmjs.org/axios/-/axios-0.19.2.tgz",
          "integrity": "sha512-fjgm5MvRHLhx+osE2xoekY70AhARk3a6hkN+3Io1jc00jtquGvxYlKlsFUhmUET0V5te6CcZI7lcv2Ym61mjHA==",
          "requires": {
            "follow-redirects": "1.5.10"
          }
        },
        "csv-parse": {
          "version": "4.8.9",
          "resolved": "https://registry.npmjs.org/csv-parse/-/csv-parse-4.8.9.tgz",
          "integrity": "sha512-uDxIDIDLb89gxqixSgGqDj3EA5A8D0pgUeyp9Qut8u+eCIC8IXkTtaxJEnnWDb6N2HqBY64suSlcOGg5ZBtsAQ=="
        },
        "follow-redirects": {
          "version": "1.5.10",
          "resolved": "https://registry.npmjs.org/follow-redirects/-/follow-redirects-1.5.10.tgz",
          "integrity": "sha512-0V5l4Cizzvqt5D44aTXbFZz+FtyXV1vrDN6qrelxtfYQKW0KO0W2T/hkE8xvGa/540LkZlkaUjO4ailYTFtHVQ==",
          "requires": {
            "debug": "=3.1.0"
          }
        }
      }
    },
    "through2": {
      "version": "3.0.2",
      "resolved": "https://registry.npmjs.org/through2/-/through2-3.0.2.tgz",
      "integrity": "sha512-enaDQ4MUyP2W6ZyT6EsMzqBPZaM/avg8iuo+l2d3QCs0J+6RaqkHV/2/lOwDTueBHeJ/2LG9lrLW3d5rWPucuQ==",
      "requires": {
        "inherits": "^2.0.4",
        "readable-stream": "2 || 3"
      }
    },
    "topojson-client": {
      "version": "3.1.0",
      "resolved": "https://registry.npmjs.org/topojson-client/-/topojson-client-3.1.0.tgz",
      "integrity": "sha512-605uxS6bcYxGXw9qi62XyrV6Q3xwbndjachmNxu8HWTtVPxZfEJN9fd/SZS1Q54Sn2y0TMyMxFj/cJINqGHrKw==",
      "requires": {
        "commander": "2"
      }
    },
    "tv4": {
      "version": "1.3.0",
      "resolved": "https://registry.npmjs.org/tv4/-/tv4-1.3.0.tgz",
      "integrity": "sha1-0CDIRvrdUMhVq7JeuuzGj8EPeWM="
    },
    "url-join": {
      "version": "2.0.5",
      "resolved": "https://registry.npmjs.org/url-join/-/url-join-2.0.5.tgz",
      "integrity": "sha1-WvIvGMBSoACkjXuCxenC4v7tpyg="
    },
    "util-deprecate": {
      "version": "1.0.2",
      "resolved": "https://registry.npmjs.org/util-deprecate/-/util-deprecate-1.0.2.tgz",
      "integrity": "sha1-RQ1Nyfpw3nMnYvvS1KKJgUGaDM8="
    },
    "validator": {
      "version": "13.5.2",
      "resolved": "https://registry.npmjs.org/validator/-/validator-13.5.2.tgz",
      "integrity": "sha512-mD45p0rvHVBlY2Zuy3F3ESIe1h5X58GPfAtslBjY7EtTqGquZTj+VX/J4RnHWN8FKq0C9WRVt1oWAcytWRuYLQ=="
    },
    "vega-canvas": {
      "version": "1.2.6",
      "resolved": "https://registry.npmjs.org/vega-canvas/-/vega-canvas-1.2.6.tgz",
      "integrity": "sha512-rgeYUpslYn/amIfnuv3Sw6n4BGns94OjjZNtUc9IDji6b+K8LGS/kW+Lvay8JX/oFqtulBp8RLcHN6QjqPLA9Q=="
    },
    "vega-crossfilter": {
      "version": "3.0.1",
      "resolved": "https://registry.npmjs.org/vega-crossfilter/-/vega-crossfilter-3.0.1.tgz",
      "integrity": "sha512-GNCP0k1otJKtE9SnYm1cDBqUfBvWTaxJ3/bdMpWvGNUtAdDBAlrtspDBTpwMu4MLNWbAy1zp9jN0ztCXBZF29Q==",
      "requires": {
        "d3-array": "^2.0.2",
        "vega-dataflow": "^4.1.0",
        "vega-util": "^1.7.0"
      }
    },
    "vega-dataflow": {
      "version": "4.1.0",
      "resolved": "https://registry.npmjs.org/vega-dataflow/-/vega-dataflow-4.1.0.tgz",
      "integrity": "sha512-LuXoN3LkYWNYTPeMiOgSlw2TZAWjmN46Q9HmHM8ClhXYAj+pYme3IPdtYn1OmcvWe4rKeiYgNYrtJCgTOvCepg==",
      "requires": {
        "vega-loader": "^3.1.0",
        "vega-util": "^1.7.0"
      }
    },
    "vega-encode": {
      "version": "3.2.2",
      "resolved": "https://registry.npmjs.org/vega-encode/-/vega-encode-3.2.2.tgz",
      "integrity": "sha512-Hmk+ReH6R1wTnz56gWyk8CnzgAzq11QYkrEzw794MMY2l61EG3sX9veyZ9AdtDufOq9oDa58/kfgk65UD9A+sA==",
      "requires": {
        "d3-array": "^2.0.2",
        "d3-format": "^1.3.2",
        "d3-interpolate": "^1.3.2",
        "vega-dataflow": "^4.1.0",
        "vega-scale": "^2.5.0",
        "vega-util": "^1.7.0"
      }
    },
    "vega-event-selector": {
      "version": "2.0.6",
      "resolved": "https://registry.npmjs.org/vega-event-selector/-/vega-event-selector-2.0.6.tgz",
      "integrity": "sha512-UwCu50Sqd8kNZ1X/XgiAY+QAyQUmGFAwyDu7y0T5fs6/TPQnDo/Bo346NgSgINBEhEKOAMY1Nd/rPOk4UEm/ew=="
    },
    "vega-expression": {
      "version": "2.7.0",
      "resolved": "https://registry.npmjs.org/vega-expression/-/vega-expression-2.7.0.tgz",
      "integrity": "sha512-fMnHtcFfVAxuwjsKGh0qqP8OJNVABGIg0aSp33Jxh1D86LwDwaRe+EtwF1fv8YKD2AEiBl4UObC68QMT56MekQ==",
      "requires": {
        "vega-util": "^1.15.1"
      }
    },
    "vega-force": {
      "version": "3.0.0",
      "resolved": "https://registry.npmjs.org/vega-force/-/vega-force-3.0.0.tgz",
      "integrity": "sha512-Uar26RDxDQEpIdWBIFKnOr6/B30RU8/2qBtoiux1C3goZIWBRkXNlCR5kMDkll8Mg60deD6ynflsXXNwyGS69w==",
      "requires": {
        "d3-force": "^1.1.0",
        "vega-dataflow": "^4.0.0",
        "vega-util": "^1.7.0"
      }
    },
    "vega-geo": {
      "version": "3.1.1",
      "resolved": "https://registry.npmjs.org/vega-geo/-/vega-geo-3.1.1.tgz",
      "integrity": "sha512-EltBQmid6DZ7d4iArgTnsGRsx4ZaHrwvaegq6iIwWp7GHtJ8i+8bzPFfHo1pBuRVmHG4ZA2NH+cNaW2IIgWcPg==",
      "requires": {
        "d3-array": "^2.0.2",
        "d3-contour": "^1.3.2",
        "d3-geo": "^1.11.3",
        "vega-dataflow": "^4.1.0",
        "vega-projection": "^1.2.0",
        "vega-util": "^1.7.0"
      }
    },
    "vega-hierarchy": {
      "version": "3.1.0",
      "resolved": "https://registry.npmjs.org/vega-hierarchy/-/vega-hierarchy-3.1.0.tgz",
      "integrity": "sha512-zPxOsQbswVDMfn9JdDG0ihZA4qhQL5WJxBsSRFsMeuyDTFuE6biBInpm/g0QDGmHMF2EOY4AwD2WRyF+jAyTqw==",
      "requires": {
        "d3-collection": "^1.0.7",
        "d3-hierarchy": "^1.1.8",
        "vega-dataflow": "^4.0.4",
        "vega-util": "^1.7.0"
      }
    },
    "vega-lib": {
      "version": "4.4.0",
      "resolved": "https://registry.npmjs.org/vega-lib/-/vega-lib-4.4.0.tgz",
      "integrity": "sha512-bfOsO5wks+ctnJ94fIPWH/B0qocdFs4WZ8teIgjF7m5XE+EVln+1nq9Z+sV7wdw7vftzGg0GAx9UH/kJxyopKg==",
      "requires": {
        "vega-crossfilter": "^3.0.1",
        "vega-dataflow": "^4.1.0",
        "vega-encode": "^3.2.2",
        "vega-event-selector": "^2.0.0",
        "vega-expression": "^2.4.0",
        "vega-force": "^3.0.0",
        "vega-geo": "^3.1.1",
        "vega-hierarchy": "^3.1.0",
        "vega-loader": "^3.1.0",
        "vega-parser": "^3.9.0",
        "vega-projection": "^1.2.0",
        "vega-runtime": "^3.2.0",
        "vega-scale": "^2.5.1",
        "vega-scenegraph": "^3.2.3",
        "vega-statistics": "^1.2.3",
        "vega-transforms": "^2.3.1",
        "vega-typings": "*",
        "vega-util": "^1.7.0",
        "vega-view": "^3.4.1",
        "vega-view-transforms": "^2.0.3",
        "vega-voronoi": "^3.0.0",
        "vega-wordcloud": "^3.0.0"
      }
    },
    "vega-loader": {
      "version": "3.1.0",
      "resolved": "https://registry.npmjs.org/vega-loader/-/vega-loader-3.1.0.tgz",
      "integrity": "sha512-FD9KJdPxBOa+fTnjC2dfY5+kB05hXyVOfjIkssmgyyhELJPp2FwclcF4mVy7Ay1E8fUHY3GgbwSE5jL8k4pYUg==",
      "requires": {
        "d3-dsv": "^1.0.10",
        "d3-time-format": "^2.1.3",
        "node-fetch": "^2.3.0",
        "topojson-client": "^3.0.0",
        "vega-util": "^1.7.0"
      }
    },
    "vega-parser": {
      "version": "3.9.0",
      "resolved": "https://registry.npmjs.org/vega-parser/-/vega-parser-3.9.0.tgz",
      "integrity": "sha512-/fdPt5wcZgbPi0zwzJsBgi/k2GO3s53j7kJUYFGff75+wLJ2n/XtLCU295Wo7+cGCfkCZs0FfYKWa8AJrQZiag==",
      "requires": {
        "d3-array": "^2.0.2",
        "d3-color": "^1.2.3",
        "d3-format": "^1.3.2",
        "d3-geo": "^1.11.3",
        "d3-time-format": "^2.1.3",
        "vega-dataflow": "^4.1.0",
        "vega-event-selector": "^2.0.0",
        "vega-expression": "^2.4.0",
        "vega-scale": "^2.5.1",
        "vega-scenegraph": "^3.2.3",
        "vega-statistics": "^1.2.3",
        "vega-util": "^1.7.0"
      }
    },
    "vega-projection": {
      "version": "1.4.5",
      "resolved": "https://registry.npmjs.org/vega-projection/-/vega-projection-1.4.5.tgz",
      "integrity": "sha512-85kWcPv0zrrNfxescqHtSYpRknilrS0K3CVRZc7IYQxnLtL1oma9WEbrSr1LCmDoCP5hl2Z1kKbomPXkrQX5Ag==",
      "requires": {
        "d3-geo": "^2.0.1",
        "d3-geo-projection": "^3.0.0"
      },
      "dependencies": {
        "d3-geo": {
          "version": "2.0.1",
          "resolved": "https://registry.npmjs.org/d3-geo/-/d3-geo-2.0.1.tgz",
          "integrity": "sha512-M6yzGbFRfxzNrVhxDJXzJqSLQ90q1cCyb3EWFZ1LF4eWOBYxFypw7I/NFVBNXKNqxv1bqLathhYvdJ6DC+th3A==",
          "requires": {
            "d3-array": ">=2.5"
          }
        }
      }
    },
    "vega-runtime": {
      "version": "3.2.0",
      "resolved": "https://registry.npmjs.org/vega-runtime/-/vega-runtime-3.2.0.tgz",
      "integrity": "sha512-aoWqH+U5tiByj3cIGZsTDPMTb10tUN2nm4zWa3Z7lOUilbw/+gEaOuy1qvr4VrVhUShsnytudED4OpQNUkKy3Q==",
      "requires": {
        "vega-dataflow": "^4.1.0",
        "vega-util": "^1.7.0"
      }
    },
    "vega-scale": {
      "version": "2.5.1",
      "resolved": "https://registry.npmjs.org/vega-scale/-/vega-scale-2.5.1.tgz",
      "integrity": "sha512-EOpUDOjTAD7DhXglyOquXTzXFXjnNvrGyMDCOsfRL/XUTsbjYYNkdl0Q30c9fVN1I+H65lMz52xwN16yxwMuTw==",
      "requires": {
        "d3-array": "^2.0.2",
        "d3-interpolate": "^1.3.2",
        "d3-scale": "^2.1.2",
        "d3-scale-chromatic": "^1.3.3",
        "d3-time": "^1.0.10",
        "vega-util": "^1.7.0"
      }
    },
    "vega-scenegraph": {
      "version": "3.2.3",
      "resolved": "https://registry.npmjs.org/vega-scenegraph/-/vega-scenegraph-3.2.3.tgz",
      "integrity": "sha512-L4mZ6LpEKvW5Q0c8gyqozGuoY5miJI4DiRipiAG0BQ6rB67tK+8qlaTfslX4tNBz88mu+CyVO9ZjNW/M4nBI3w==",
      "requires": {
        "d3-path": "^1.0.7",
        "d3-shape": "^1.2.2",
        "vega-canvas": "^1.1.0",
        "vega-loader": "^3.0.1",
        "vega-util": "^1.7.0"
      }
    },
    "vega-statistics": {
      "version": "1.7.9",
      "resolved": "https://registry.npmjs.org/vega-statistics/-/vega-statistics-1.7.9.tgz",
      "integrity": "sha512-T0sd2Z08k/mHxr1Vb4ajLWytPluLFYnsYqyk4SIS5czzUs4errpP2gUu63QJ0B7CKNu33vnS9WdOMOo/Eprr/Q==",
      "requires": {
        "d3-array": "^2.7.1"
      }
    },
    "vega-transforms": {
      "version": "2.3.1",
      "resolved": "https://registry.npmjs.org/vega-transforms/-/vega-transforms-2.3.1.tgz",
      "integrity": "sha512-jvDz33ohZiP6cN74quEvesHr0sbSMMQ69ZZqgL6cRDHBqfiuHPhZofBKWDXE1nEWDmJqTEyvg0gsnA8vpHzpjQ==",
      "requires": {
        "d3-array": "^2.0.2",
        "vega-dataflow": "^4.1.0",
        "vega-statistics": "^1.2.3",
        "vega-util": "^1.7.0"
      }
    },
    "vega-typings": {
      "version": "0.19.2",
      "resolved": "https://registry.npmjs.org/vega-typings/-/vega-typings-0.19.2.tgz",
      "integrity": "sha512-YU/S9rDk4d+t4+4eTa9fzuw87PMNteeVtpcL51kUO8H7HvGaoW7ll8RHKLkR0NYBEGPRoFDKUxnoyMvhgjsdYw==",
      "requires": {
        "vega-util": "^1.15.2"
      }
    },
    "vega-util": {
      "version": "1.16.0",
      "resolved": "https://registry.npmjs.org/vega-util/-/vega-util-1.16.0.tgz",
      "integrity": "sha512-6mmz6mI+oU4zDMeKjgvE2Fjz0Oh6zo6WGATcvCfxH2gXBzhBHmy5d25uW5Zjnkc6QBXSWPLV9Xa6SiqMsrsKog=="
    },
    "vega-view": {
      "version": "3.4.1",
      "resolved": "https://registry.npmjs.org/vega-view/-/vega-view-3.4.1.tgz",
      "integrity": "sha512-hT9Bj9qRCGz+4umid8tFuADyUF7xOHTQmeu18XtRgEkNOtTALlDYLmCSpcGkP1N6eeZm3aRWBtkUz/XE7/6d+Q==",
      "requires": {
        "d3-array": "^2.0.2",
        "d3-timer": "^1.0.9",
        "vega-dataflow": "^4.1.0",
        "vega-parser": "^3.9.0",
        "vega-runtime": "^3.2.0",
        "vega-scenegraph": "^3.2.3",
        "vega-util": "^1.7.0"
      }
    },
    "vega-view-transforms": {
      "version": "2.0.3",
      "resolved": "https://registry.npmjs.org/vega-view-transforms/-/vega-view-transforms-2.0.3.tgz",
      "integrity": "sha512-m42sP2G72KIIEhbno5P3wYXuGe4C5fj0ztfg1TrSEmGsIHOqoehRvte/1e9q/dV+1rB3TqfcWXgQVEDHCFLEvQ==",
      "requires": {
        "vega-dataflow": "^4.0.4",
        "vega-scenegraph": "^3.2.3",
        "vega-util": "^1.7.0"
      }
    },
    "vega-voronoi": {
      "version": "3.0.0",
      "resolved": "https://registry.npmjs.org/vega-voronoi/-/vega-voronoi-3.0.0.tgz",
      "integrity": "sha512-ZkQw4UprxqiS3IjrdLOoQq1oEeH0REqWonf7Wz5zt2pKDHyMPlFX89EueoDYOKnfQjk9/7IiptBDK1ruAbDNiQ==",
      "requires": {
        "d3-voronoi": "^1.1.2",
        "vega-dataflow": "^4.0.0",
        "vega-util": "^1.7.0"
      }
    },
    "vega-wordcloud": {
      "version": "3.0.0",
      "resolved": "https://registry.npmjs.org/vega-wordcloud/-/vega-wordcloud-3.0.0.tgz",
      "integrity": "sha512-/2F09L2tNTQ8aqK/ZLjd7m+fYwJR8/waE8YWuexLZob4+4BEByzqFfRMATE39ZpdTHOreCEQ5uUKyvv0qA6O0A==",
      "requires": {
        "vega-canvas": "^1.0.1",
        "vega-dataflow": "^4.0.0",
        "vega-scale": "^2.1.1",
        "vega-statistics": "^1.2.1",
        "vega-util": "^1.7.0"
      }
    },
    "xlsx": {
      "version": "0.14.5",
      "resolved": "https://registry.npmjs.org/xlsx/-/xlsx-0.14.5.tgz",
      "integrity": "sha512-s/5f4/mjeWREmIWZ+HtDfh/rnz51ar+dZ4LWKZU3u9VBx2zLdSIWTdXgoa52/pnZ9Oe/Vu1W1qzcKzLVe+lq4w==",
      "requires": {
        "adler-32": "~1.2.0",
        "cfb": "^1.1.2",
        "codepage": "~1.14.0",
        "commander": "~2.17.1",
        "crc-32": "~1.2.0",
        "exit-on-epipe": "~1.0.1",
        "ssf": "~0.10.2"
      }
    }
  }
}
